{
  "name": "skelett-flexbox-grid",
  "version": "1.0.0",
  "lockfileVersion": 1,
  "requires": true,
  "dependencies": {
    "skelett-media-queries": {
      "version": "git+https://github.com/kaspar-allenbach/skelett-media-queries.git#5a731db1bc5519ff81760fc97acc885970086c45",
      "from": "git+https://github.com/kaspar-allenbach/skelett-media-queries.git"
    }
  }
}
